
Microsoft Visual Studio Solution File, Format Version 12.00
# Visual Studio Version 16
VisualStudioVersion = 16.0.31105.61
MinimumVisualStudioVersion = 10.0.40219.1
Project("{FAE04EC0-301F-11D3-BF4B-00C04F79EFBC}") = "3dposManagaement", "3dposManagaement.csproj", "{AB52CABB-85D6-44EC-AAA5-6FBD057D465D}"
EndProject
Project("{FAE04EC0-301F-11D3-BF4B-00C04F79EFBC}") = "3dposManagaement.Database", "..\3dposManagaement.Database\3dposManagaement.Database.csproj", "{CA0590ED-AB0F-442F-998C-F09BD56EB2AC}"
EndProject
Project("{FAE04EC0-301F-11D3-BF4B-00C04F79EFBC}") = "3dposManagaement.Repository", "..\3dposManagaement.Repository\3dposManagaement.Repository.csproj", "{E3420698-77C6-4CEE-9ADF-195C4F7779F4}"
EndProject
Project("{FAE04EC0-301F-11D3-BF4B-00C04F79EFBC}") = "3dposManagaement.Utility", "..\3dposManagaement.Utility\3dposManagaement.Utility.csproj", "{E1589D4F-300A-4224-ABFE-CA6B821066B9}"
EndProject
Global
	GlobalSection(SolutionConfigurationPlatforms) = preSolution
		Debug|Any CPU = Debug|Any CPU
		Release|Any CPU = Release|Any CPU
	EndGlobalSection
	GlobalSection(ProjectConfigurationPlatforms) = postSolution
		{AB52CABB-85D6-44EC-AAA5-6FBD057D465D}.Debug|Any CPU.ActiveCfg = Debug|Any CPU
		{AB52CABB-85D6-44EC-AAA5-6FBD057D465D}.Debug|Any CPU.Build.0 = Debug|Any CPU
		{AB52CABB-85D6-44EC-AAA5-6FBD057D465D}.Release|Any CPU.ActiveCfg = Release|Any CPU
		{AB52CABB-85D6-44EC-AAA5-6FBD057D465D}.Release|Any CPU.Build.0 = Release|Any CPU
		{CA0590ED-AB0F-442F-998C-F09BD56EB2AC}.Debug|Any CPU.ActiveCfg = Debug|Any CPU
		{CA0590ED-AB0F-442F-998C-F09BD56EB2AC}.Debug|Any CPU.Build.0 = Debug|Any CPU
		{CA0590ED-AB0F-442F-998C-F09BD56EB2AC}.Release|Any CPU.ActiveCfg = Release|Any CPU
		{CA0590ED-AB0F-442F-998C-F09BD56EB2AC}.Release|Any CPU.Build.0 = Release|Any CPU
		{E3420698-77C6-4CEE-9ADF-195C4F7779F4}.Debug|Any CPU.ActiveCfg = Debug|Any CPU
		{E3420698-77C6-4CEE-9ADF-195C4F7779F4}.Debug|Any CPU.Build.0 = Debug|Any CPU
		{E3420698-77C6-4CEE-9ADF-195C4F7779F4}.Release|Any CPU.ActiveCfg = Release|Any CPU
		{E3420698-77C6-4CEE-9ADF-195C4F7779F4}.Release|Any CPU.Build.0 = Release|Any CPU
		{E1589D4F-300A-4224-ABFE-CA6B821066B9}.Debug|Any CPU.ActiveCfg = Debug|Any CPU
		{E1589D4F-300A-4224-ABFE-CA6B821066B9}.Debug|Any CPU.Build.0 = Debug|Any CPU
		{E1589D4F-300A-4224-ABFE-CA6B821066B9}.Release|Any CPU.ActiveCfg = Release|Any CPU
		{E1589D4F-300A-4224-ABFE-CA6B821066B9}.Release|Any CPU.Build.0 = Release|Any CPU
	EndGlobalSection
	GlobalSection(SolutionProperties) = preSolution
		HideSolutionNode = FALSE
	EndGlobalSection
	GlobalSection(ExtensibilityGlobals) = postSolution
		SolutionGuid = {EAD6ECB7-4EEA-4657-8AC6-D684157E288B}
	EndGlobalSection
EndGlobal
